
Microsoft Visual Studio Solution File, Format Version 12.00
# Visual Studio Version 16
VisualStudioVersion = 16.0.31321.278
MinimumVisualStudioVersion = 10.0.40219.1
Project("{FAE04EC0-301F-11D3-BF4B-00C04F79EFBC}") = "GameStore", "GameStore\GameStore.csproj", "{36677956-834B-487E-B757-7D30669CA4F1}"
EndProject
Global
	GlobalSection(SolutionConfigurationPlatforms) = preSolution
		Debug|Any CPU = Debug|Any CPU
		Release|Any CPU = Release|Any CPU
	EndGlobalSection
	GlobalSection(ProjectConfigurationPlatforms) = postSolution
		{36677956-834B-487E-B757-7D30669CA4F1}.Debug|Any CPU.ActiveCfg = Debug|Any CPU
		{36677956-834B-487E-B757-7D30669CA4F1}.Debug|Any CPU.Build.0 = Debug|Any CPU
		{36677956-834B-487E-B757-7D30669CA4F1}.Release|Any CPU.ActiveCfg = Release|Any CPU
		{36677956-834B-487E-B757-7D30669CA4F1}.Release|Any CPU.Build.0 = Release|Any CPU
	EndGlobalSection
	GlobalSection(SolutionProperties) = preSolution
		HideSolutionNode = FALSE
	EndGlobalSection
	GlobalSection(ExtensibilityGlobals) = postSolution
		SolutionGuid = {3C1A1527-609F-4C43-A415-8E11E24435A0}
	EndGlobalSection
EndGlobal
